// !$*UTF8*$!
{
	archiveVersion = 1;
	classes = {
	};
	objectVersion = 77;
	objects = {

/* Begin PBXBuildFile section */
		3DF039862F21ECFD00EFB56A /* WidgetKit.framework in Frameworks */ = {isa = PBXBuildFile; fileRef = 3DF039852F21ECFD00EFB56A /* WidgetKit.framework */; };
		3DF039882F21ECFD00EFB56A /* SwiftUI.framework in Frameworks */ = {isa = PBXBuildFile; fileRef = 3DF039872F21ECFD00EFB56A /* SwiftUI.framework */; };
		3DF039992F21ECFE00EFB56A /* GoalsWidgetExtension.appex in Embed Foundation Extensions */ = {isa = PBXBuildFile; fileRef = 3DF039842F21ECFD00EFB56A /* GoalsWidgetExtension.appex */; settings = {ATTRIBUTES = (RemoveHeadersOnCopy, ); }; };
		3DF039AF2F21EEB800EFB56A /* GoalsWidgetShared in Frameworks */ = {isa = PBXBuildFile; productRef = 3DF039AE2F21EEB800EFB56A /* GoalsWidgetShared */; };
		8B41F6832DEDD23B001A66F9 /* GoalsAppFeature in Frameworks */ = {isa = PBXBuildFile; productRef = 8B41F6822DEDD23B001A66F9 /* GoalsAppFeature */; };
		8B41F6852DEDD25C001A66F9 /* GoalsAppFeature in Frameworks */ = {isa = PBXBuildFile; productRef = 8B41F6842DEDD25C001A66F9 /* GoalsAppFeature */; };
/* End PBXBuildFile section */

/* Begin PBXContainerItemProxy section */
		3DF039972F21ECFE00EFB56A /* PBXContainerItemProxy */ = {
			isa = PBXContainerItemProxy;
			containerPortal = 8B41F63D2DEDD0D5001A66F9 /* Project object */;
			proxyType = 1;
			remoteGlobalIDString = 3DF039832F21ECFD00EFB56A;
			remoteInfo = GoalsWidgetExtension;
		};
		8B41F65D2DEDD0D6001A66F9 /* PBXContainerItemProxy */ = {
			isa = PBXContainerItemProxy;
			containerPortal = 8B41F63D2DEDD0D5001A66F9 /* Project object */;
			proxyType = 1;
			remoteGlobalIDString = 8B41F6442DEDD0D5001A66F9;
			remoteInfo = GoalsApp;
		};
/* End PBXContainerItemProxy section */

/* Begin PBXCopyFilesBuildPhase section */
		3DF0399E2F21ECFE00EFB56A /* Embed Foundation Extensions */ = {
			isa = PBXCopyFilesBuildPhase;
			buildActionMask = 2147483647;
			dstPath = "";
			dstSubfolderSpec = 13;
			files = (
				3DF039992F21ECFE00EFB56A /* GoalsWidgetExtension.appex in Embed Foundation Extensions */,
			);
			name = "Embed Foundation Extensions";
			runOnlyForDeploymentPostprocessing = 0;
		};
/* End PBXCopyFilesBuildPhase section */

/* Begin PBXFileReference section */
		3DF039842F21ECFD00EFB56A /* GoalsWidgetExtension.appex */ = {isa = PBXFileReference; explicitFileType = "wrapper.app-extension"; includeInIndex = 0; path = GoalsWidgetExtension.appex; sourceTree = BUILT_PRODUCTS_DIR; };
		3DF039852F21ECFD00EFB56A /* WidgetKit.framework */ = {isa = PBXFileReference; lastKnownFileType = wrapper.framework; name = WidgetKit.framework; path = System/Library/Frameworks/WidgetKit.framework; sourceTree = SDKROOT; };
		3DF039872F21ECFD00EFB56A /* SwiftUI.framework */ = {isa = PBXFileReference; lastKnownFileType = wrapper.framework; name = SwiftUI.framework; path = System/Library/Frameworks/SwiftUI.framework; sourceTree = SDKROOT; };
		8B41F6452DEDD0D5001A66F9 /* GoalsApp.app */ = {isa = PBXFileReference; explicitFileType = wrapper.application; includeInIndex = 0; path = GoalsApp.app; sourceTree = BUILT_PRODUCTS_DIR; };
		8B41F65C2DEDD0D6001A66F9 /* GoalsApp.xctest */ = {isa = PBXFileReference; explicitFileType = wrapper.cfbundle; includeInIndex = 0; path = GoalsApp.xctest; sourceTree = BUILT_PRODUCTS_DIR; };
/* End PBXFileReference section */

/* Begin PBXFileSystemSynchronizedBuildFileExceptionSet section */
		3DF0399D2F21ECFE00EFB56A /* Exceptions for "GoalsWidget" folder in "GoalsWidgetExtension" target */ = {
			isa = PBXFileSystemSynchronizedBuildFileExceptionSet;
			membershipExceptions = (
				Info.plist,
			);
			target = 3DF039832F21ECFD00EFB56A /* GoalsWidgetExtension */;
		};
		8BD71C0A2DEE41E000CEDD92 /* Exceptions for "Config" folder in "GoalsApp" target */ = {
			isa = PBXFileSystemSynchronizedBuildFileExceptionSet;
			membershipExceptions = (
				Debug.xcconfig,
				Info.plist,
				Release.xcconfig,
				Shared.xcconfig,
				Tests.xcconfig,
			);
			target = 8B41F6442DEDD0D5001A66F9 /* GoalsApp */;
		};
/* End PBXFileSystemSynchronizedBuildFileExceptionSet section */

/* Begin PBXFileSystemSynchronizedRootGroup section */
		3DF039892F21ECFD00EFB56A /* GoalsWidget */ = {
			isa = PBXFileSystemSynchronizedRootGroup;
			exceptions = (
				3DF0399D2F21ECFE00EFB56A /* Exceptions for "GoalsWidget" folder in "GoalsWidgetExtension" target */,
			);
			path = GoalsWidget;
			sourceTree = "<group>";
		};
		8B41F6472DEDD0D5001A66F9 /* GoalsApp */ = {
			isa = PBXFileSystemSynchronizedRootGroup;
			path = GoalsApp;
			sourceTree = "<group>";
		};
		8B41F65F2DEDD0D6001A66F9 /* GoalsAppUITests */ = {
			isa = PBXFileSystemSynchronizedRootGroup;
			path = GoalsAppUITests;
			sourceTree = "<group>";
		};
		8BD71C052DEE41D800CEDD92 /* Config */ = {
			isa = PBXFileSystemSynchronizedRootGroup;
			exceptions = (
				8BD71C0A2DEE41E000CEDD92 /* Exceptions for "Config" folder in "GoalsApp" target */,
			);
			path = Config;
			sourceTree = "<group>";
		};
/* End PBXFileSystemSynchronizedRootGroup section */

/* Begin PBXFrameworksBuildPhase section */
		3DF039812F21ECFD00EFB56A /* Frameworks */ = {
			isa = PBXFrameworksBuildPhase;
			buildActionMask = 2147483647;
			files = (
				3DF039882F21ECFD00EFB56A /* SwiftUI.framework in Frameworks */,
				3DF039AF2F21EEB800EFB56A /* GoalsWidgetShared in Frameworks */,
				3DF039862F21ECFD00EFB56A /* WidgetKit.framework in Frameworks */,
			);
			runOnlyForDeploymentPostprocessing = 0;
		};
		8B41F6422DEDD0D5001A66F9 /* Frameworks */ = {
			isa = PBXFrameworksBuildPhase;
			buildActionMask = 2147483647;
			files = (
				8B41F6852DEDD25C001A66F9 /* GoalsAppFeature in Frameworks */,
			);
			runOnlyForDeploymentPostprocessing = 0;
		};
		8B41F6592DEDD0D6001A66F9 /* Frameworks */ = {
			isa = PBXFrameworksBuildPhase;
			buildActionMask = 2147483647;
			files = (
				8B41F6832DEDD23B001A66F9 /* GoalsAppFeature in Frameworks */,
			);
			runOnlyForDeploymentPostprocessing = 0;
		};
/* End PBXFrameworksBuildPhase section */

/* Begin PBXGroup section */
		8B41F63C2DEDD0D5001A66F9 = {
			isa = PBXGroup;
			children = (
				8BD71C052DEE41D800CEDD92 /* Config */,
				8B41F6472DEDD0D5001A66F9 /* GoalsApp */,
				8B41F65F2DEDD0D6001A66F9 /* GoalsAppUITests */,
				3DF039892F21ECFD00EFB56A /* GoalsWidget */,
				8B41F6812DEDD23B001A66F9 /* Frameworks */,
				8B41F6462DEDD0D5001A66F9 /* Products */,
			);
			sourceTree = "<group>";
		};
		8B41F6462DEDD0D5001A66F9 /* Products */ = {
			isa = PBXGroup;
			children = (
				8B41F6452DEDD0D5001A66F9 /* GoalsApp.app */,
				8B41F65C2DEDD0D6001A66F9 /* GoalsApp.xctest */,
				3DF039842F21ECFD00EFB56A /* GoalsWidgetExtension.appex */,
			);
			name = Products;
			sourceTree = "<group>";
		};
		8B41F6812DEDD23B001A66F9 /* Frameworks */ = {
			isa = PBXGroup;
			children = (
				3DF039852F21ECFD00EFB56A /* WidgetKit.framework */,
				3DF039872F21ECFD00EFB56A /* SwiftUI.framework */,
			);
			name = Frameworks;
			sourceTree = "<group>";
		};
/* End PBXGroup section */

/* Begin PBXNativeTarget section */
		3DF039832F21ECFD00EFB56A /* GoalsWidgetExtension */ = {
			isa = PBXNativeTarget;
			buildConfigurationList = 3DF0399A2F21ECFE00EFB56A /* Build configuration list for PBXNativeTarget "GoalsWidgetExtension" */;
			buildPhases = (
				3DF039802F21ECFD00EFB56A /* Sources */,
				3DF039812F21ECFD00EFB56A /* Frameworks */,
				3DF039822F21ECFD00EFB56A /* Resources */,
			);
			buildRules = (
			);
			dependencies = (
			);
			fileSystemSynchronizedGroups = (
				3DF039892F21ECFD00EFB56A /* GoalsWidget */,
			);
			name = GoalsWidgetExtension;
			packageProductDependencies = (
				3DF039AE2F21EEB800EFB56A /* GoalsWidgetShared */,
			);
			productName = GoalsWidgetExtension;
			productReference = 3DF039842F21ECFD00EFB56A /* GoalsWidgetExtension.appex */;
			productType = "com.apple.product-type.app-extension";
		};
		8B41F6442DEDD0D5001A66F9 /* GoalsApp */ = {
			isa = PBXNativeTarget;
			buildConfigurationList = 8B41F6662DEDD0D6001A66F9 /* Build configuration list for PBXNativeTarget "GoalsApp" */;
			buildPhases = (
				8B41F6412DEDD0D5001A66F9 /* Sources */,
				8B41F6422DEDD0D5001A66F9 /* Frameworks */,
				8B41F6432DEDD0D5001A66F9 /* Resources */,
				3DF0399E2F21ECFE00EFB56A /* Embed Foundation Extensions */,
			);
			buildRules = (
			);
			dependencies = (
				3DF039982F21ECFE00EFB56A /* PBXTargetDependency */,
			);
			fileSystemSynchronizedGroups = (
				8B41F6472DEDD0D5001A66F9 /* GoalsApp */,
				8BD71C052DEE41D800CEDD92 /* Config */,
			);
			name = GoalsApp;
			packageProductDependencies = (
				8B41F6842DEDD25C001A66F9 /* GoalsAppFeature */,
			);
			productName = GoalsApp;
			productReference = 8B41F6452DEDD0D5001A66F9 /* GoalsApp.app */;
			productType = "com.apple.product-type.application";
		};
		8B41F65B2DEDD0D6001A66F9 /* GoalsAppUITests */ = {
			isa = PBXNativeTarget;
			buildConfigurationList = 8B41F66C2DEDD0D6001A66F9 /* Build configuration list for PBXNativeTarget "GoalsAppUITests" */;
			buildPhases = (
				8B41F6582DEDD0D6001A66F9 /* Sources */,
				8B41F6592DEDD0D6001A66F9 /* Frameworks */,
				8B41F65A2DEDD0D6001A66F9 /* Resources */,
			);
			buildRules = (
			);
			dependencies = (
				8B41F65E2DEDD0D6001A66F9 /* PBXTargetDependency */,
			);
			fileSystemSynchronizedGroups = (
				8B41F65F2DEDD0D6001A66F9 /* GoalsAppUITests */,
			);
			name = GoalsAppUITests;
			packageProductDependencies = (
				8B41F6822DEDD23B001A66F9 /* GoalsAppFeature */,
			);
			productName = GoalsAppUITests;
			productReference = 8B41F65C2DEDD0D6001A66F9 /* GoalsApp.xctest */;
			productType = "com.apple.product-type.bundle.ui-testing";
		};
/* End PBXNativeTarget section */

/* Begin PBXProject section */
		8B41F63D2DEDD0D5001A66F9 /* Project object */ = {
			isa = PBXProject;
			attributes = {
				BuildIndependentTargetsInParallel = 1;
				LastSwiftUpdateCheck = 2620;
				LastUpgradeCheck = 1630;
				TargetAttributes = {
					3DF039832F21ECFD00EFB56A = {
						CreatedOnToolsVersion = 26.2;
					};
					8B41F6442DEDD0D5001A66F9 = {
						CreatedOnToolsVersion = 16.3;
					};
					8B41F65B2DEDD0D6001A66F9 = {
						CreatedOnToolsVersion = 16.3;
						TestTargetID = 8B41F6442DEDD0D5001A66F9;
					};
				};
			};
			buildConfigurationList = 8B41F6402DEDD0D5001A66F9 /* Build configuration list for PBXProject "GoalsApp" */;
			developmentRegion = en;
			hasScannedForEncodings = 0;
			knownRegions = (
				en,
				Base,
			);
			mainGroup = 8B41F63C2DEDD0D5001A66F9;
			minimizedProjectReferenceProxies = 1;
			packageReferences = (
				8B41F6902DEDD300001A66F9 /* XCLocalSwiftPackageReference "GoalsAppPackage" */,
			);
			preferredProjectObjectVersion = 77;
			productRefGroup = 8B41F6462DEDD0D5001A66F9 /* Products */;
			projectDirPath = "";
			projectRoot = "";
			targets = (
				8B41F6442DEDD0D5001A66F9 /* GoalsApp */,
				8B41F65B2DEDD0D6001A66F9 /* GoalsAppUITests */,
				3DF039832F21ECFD00EFB56A /* GoalsWidgetExtension */,
			);
		};
/* End PBXProject section */

/* Begin PBXResourcesBuildPhase section */
		3DF039822F21ECFD00EFB56A /* Resources */ = {
			isa = PBXResourcesBuildPhase;
			buildActionMask = 2147483647;
			files = (
			);
			runOnlyForDeploymentPostprocessing = 0;
		};
		8B41F6432DEDD0D5001A66F9 /* Resources */ = {
			isa = PBXResourcesBuildPhase;
			buildActionMask = 2147483647;
			files = (
			);
			runOnlyForDeploymentPostprocessing = 0;
		};
		8B41F65A2DEDD0D6001A66F9 /* Resources */ = {
			isa = PBXResourcesBuildPhase;
			buildActionMask = 2147483647;
			files = (
			);
			runOnlyForDeploymentPostprocessing = 0;
		};
/* End PBXResourcesBuildPhase section */

/* Begin PBXSourcesBuildPhase section */
		3DF039802F21ECFD00EFB56A /* Sources */ = {
			isa = PBXSourcesBuildPhase;
			buildActionMask = 2147483647;
			files = (
			);
			runOnlyForDeploymentPostprocessing = 0;
		};
		8B41F6412DEDD0D5001A66F9 /* Sources */ = {
			isa = PBXSourcesBuildPhase;
			buildActionMask = 2147483647;
			files = (
			);
			runOnlyForDeploymentPostprocessing = 0;
		};
		8B41F6582DEDD0D6001A66F9 /* Sources */ = {
			isa = PBXSourcesBuildPhase;
			buildActionMask = 2147483647;
			files = (
			);
			runOnlyForDeploymentPostprocessing = 0;
		};
/* End PBXSourcesBuildPhase section */

/* Begin PBXTargetDependency section */
		3DF039982F21ECFE00EFB56A /* PBXTargetDependency */ = {
			isa = PBXTargetDependency;
			target = 3DF039832F21ECFD00EFB56A /* GoalsWidgetExtension */;
			targetProxy = 3DF039972F21ECFE00EFB56A /* PBXContainerItemProxy */;
		};
		8B41F65E2DEDD0D6001A66F9 /* PBXTargetDependency */ = {
			isa = PBXTargetDependency;
			target = 8B41F6442DEDD0D5001A66F9 /* GoalsApp */;
			targetProxy = 8B41F65D2DEDD0D6001A66F9 /* PBXContainerItemProxy */;
		};
/* End PBXTargetDependency section */

/* Begin XCBuildConfiguration section */
		3DF0399B2F21ECFE00EFB56A /* Debug */ = {
			isa = XCBuildConfiguration;
			buildSettings = {
				ASSETCATALOG_COMPILER_GLOBAL_ACCENT_COLOR_NAME = AccentColor;
				ASSETCATALOG_COMPILER_WIDGET_BACKGROUND_COLOR_NAME = WidgetBackground;
				CODE_SIGN_ENTITLEMENTS = "$(SRCROOT)/Config/GoalsWidget.entitlements";
				CODE_SIGN_STYLE = Automatic;
				CURRENT_PROJECT_VERSION = 1;
				DEVELOPMENT_TEAM = Q74A2VY23K;
				GENERATE_INFOPLIST_FILE = YES;
				INFOPLIST_FILE = GoalsWidget/Info.plist;
				INFOPLIST_KEY_CFBundleDisplayName = GoalsWidget;
				INFOPLIST_KEY_NSHumanReadableCopyright = "";
				IPHONEOS_DEPLOYMENT_TARGET = 26.2;
				LD_RUNPATH_SEARCH_PATHS = (
					"$(inherited)",
					"@executable_path/Frameworks",
					"@executable_path/../../Frameworks",
				);
				MARKETING_VERSION = 1.0;
				PRODUCT_BUNDLE_IDENTIFIER = com.kobejean.goals.GoalsWidget;
				PRODUCT_NAME = "$(TARGET_NAME)";
				SKIP_INSTALL = YES;
				STRING_CATALOG_GENERATE_SYMBOLS = YES;
				SWIFT_APPROACHABLE_CONCURRENCY = YES;
				SWIFT_EMIT_LOC_STRINGS = YES;
				SWIFT_UPCOMING_FEATURE_MEMBER_IMPORT_VISIBILITY = YES;
				SWIFT_VERSION = 5.0;
				TARGETED_DEVICE_FAMILY = "1,2";
			};
			name = Debug;
		};
		3DF0399C2F21ECFE00EFB56A /* Release */ = {
			isa = XCBuildConfiguration;
			buildSettings = {
				ASSETCATALOG_COMPILER_GLOBAL_ACCENT_COLOR_NAME = AccentColor;
				ASSETCATALOG_COMPILER_WIDGET_BACKGROUND_COLOR_NAME = WidgetBackground;
				CODE_SIGN_ENTITLEMENTS = "$(SRCROOT)/Config/GoalsWidget.entitlements";
				CODE_SIGN_STYLE = Automatic;
				CURRENT_PROJECT_VERSION = 1;
				DEVELOPMENT_TEAM = Q74A2VY23K;
				GENERATE_INFOPLIST_FILE = YES;
				INFOPLIST_FILE = GoalsWidget/Info.plist;
				INFOPLIST_KEY_CFBundleDisplayName = GoalsWidget;
				INFOPLIST_KEY_NSHumanReadableCopyright = "";
				IPHONEOS_DEPLOYMENT_TARGET = 26.2;
				LD_RUNPATH_SEARCH_PATHS = (
					"$(inherited)",
					"@executable_path/Frameworks",
					"@executable_path/../../Frameworks",
				);
				MARKETING_VERSION = 1.0;
				PRODUCT_BUNDLE_IDENTIFIER = com.kobejean.goals.GoalsWidget;
				PRODUCT_NAME = "$(TARGET_NAME)";
				SKIP_INSTALL = YES;
				STRING_CATALOG_GENERATE_SYMBOLS = YES;
				SWIFT_APPROACHABLE_CONCURRENCY = YES;
				SWIFT_EMIT_LOC_STRINGS = YES;
				SWIFT_UPCOMING_FEATURE_MEMBER_IMPORT_VISIBILITY = YES;
				SWIFT_VERSION = 5.0;
				TARGETED_DEVICE_FAMILY = "1,2";
			};
			name = Release;
		};
		8B41F6642DEDD0D6001A66F9 /* Debug */ = {
			isa = XCBuildConfiguration;
			buildSettings = {
				ALWAYS_SEARCH_USER_PATHS = NO;
				ASSETCATALOG_COMPILER_GENERATE_SWIFT_ASSET_SYMBOL_EXTENSIONS = YES;
				CLANG_ANALYZER_NONNULL = YES;
				CLANG_ANALYZER_NUMBER_OBJECT_CONVERSION = YES_AGGRESSIVE;
				CLANG_CXX_LANGUAGE_STANDARD = "gnu++20";
				CLANG_ENABLE_MODULES = YES;
				CLANG_ENABLE_OBJC_ARC = YES;
				CLANG_ENABLE_OBJC_WEAK = YES;
				CLANG_WARN_BLOCK_CAPTURE_AUTORELEASING = YES;
				CLANG_WARN_BOOL_CONVERSION = YES;
				CLANG_WARN_COMMA = YES;
				CLANG_WARN_CONSTANT_CONVERSION = YES;
				CLANG_WARN_DEPRECATED_OBJC_IMPLEMENTATIONS = YES;
				CLANG_WARN_DIRECT_OBJC_ISA_USAGE = YES_ERROR;
				CLANG_WARN_DOCUMENTATION_COMMENTS = YES;
				CLANG_WARN_EMPTY_BODY = YES;
				CLANG_WARN_ENUM_CONVERSION = YES;
				CLANG_WARN_INFINITE_RECURSION = YES;
				CLANG_WARN_INT_CONVERSION = YES;
				CLANG_WARN_NON_LITERAL_NULL_CONVERSION = YES;
				CLANG_WARN_OBJC_IMPLICIT_RETAIN_SELF = YES;
				CLANG_WARN_OBJC_LITERAL_CONVERSION = YES;
				CLANG_WARN_OBJC_ROOT_CLASS = YES_ERROR;
				CLANG_WARN_QUOTED_INCLUDE_IN_FRAMEWORK_HEADER = YES;
				CLANG_WARN_RANGE_LOOP_ANALYSIS = YES;
				CLANG_WARN_STRICT_PROTOTYPES = YES;
				CLANG_WARN_SUSPICIOUS_MOVE = YES;
				CLANG_WARN_UNGUARDED_AVAILABILITY = YES_AGGRESSIVE;
				CLANG_WARN_UNREACHABLE_CODE = YES;
				CLANG_WARN__DUPLICATE_METHOD_MATCH = YES;
				COPY_PHASE_STRIP = NO;
				DEBUG_INFORMATION_FORMAT = dwarf;
				ENABLE_STRICT_OBJC_MSGSEND = YES;
				ENABLE_TESTABILITY = YES;
				ENABLE_USER_SCRIPT_SANDBOXING = YES;
				GCC_C_LANGUAGE_STANDARD = gnu17;
				GCC_DYNAMIC_NO_PIC = NO;
				GCC_NO_COMMON_BLOCKS = YES;
				GCC_OPTIMIZATION_LEVEL = 0;
				GCC_PREPROCESSOR_DEFINITIONS = (
					"DEBUG=1",
					"$(inherited)",
				);
				GCC_WARN_64_TO_32_BIT_CONVERSION = YES;
				GCC_WARN_ABOUT_RETURN_TYPE = YES_ERROR;
				GCC_WARN_UNDECLARED_SELECTOR = YES;
				GCC_WARN_UNINITIALIZED_AUTOS = YES_AGGRESSIVE;
				GCC_WARN_UNUSED_FUNCTION = YES;
				GCC_WARN_UNUSED_VARIABLE = YES;
				IPHONEOS_DEPLOYMENT_TARGET = 18.4;
				LOCALIZATION_PREFERS_STRING_CATALOGS = YES;
				MTL_ENABLE_DEBUG_INFO = INCLUDE_SOURCE;
				MTL_FAST_MATH = YES;
				ONLY_ACTIVE_ARCH = YES;
				SDKROOT = iphoneos;
				SWIFT_ACTIVE_COMPILATION_CONDITIONS = "DEBUG $(inherited)";
				SWIFT_OPTIMIZATION_LEVEL = "-Onone";
				SWIFT_VERSION = 5.0;
			};
			name = Debug;
		};
		8B41F6652DEDD0D6001A66F9 /* Release */ = {
			isa = XCBuildConfiguration;
			buildSettings = {
				ALWAYS_SEARCH_USER_PATHS = NO;
				ASSETCATALOG_COMPILER_GENERATE_SWIFT_ASSET_SYMBOL_EXTENSIONS = YES;
				CLANG_ANALYZER_NONNULL = YES;
				CLANG_ANALYZER_NUMBER_OBJECT_CONVERSION = YES_AGGRESSIVE;
				CLANG_CXX_LANGUAGE_STANDARD = "gnu++20";
				CLANG_ENABLE_MODULES = YES;
				CLANG_ENABLE_OBJC_ARC = YES;
				CLANG_ENABLE_OBJC_WEAK = YES;
				CLANG_WARN_BLOCK_CAPTURE_AUTORELEASING = YES;
				CLANG_WARN_BOOL_CONVERSION = YES;
				CLANG_WARN_COMMA = YES;
				CLANG_WARN_CONSTANT_CONVERSION = YES;
				CLANG_WARN_DEPRECATED_OBJC_IMPLEMENTATIONS = YES;
				CLANG_WARN_DIRECT_OBJC_ISA_USAGE = YES_ERROR;
				CLANG_WARN_DOCUMENTATION_COMMENTS = YES;
				CLANG_WARN_EMPTY_BODY = YES;
				CLANG_WARN_ENUM_CONVERSION = YES;
				CLANG_WARN_INFINITE_RECURSION = YES;
				CLANG_WARN_INT_CONVERSION = YES;
				CLANG_WARN_NON_LITERAL_NULL_CONVERSION = YES;
				CLANG_WARN_OBJC_IMPLICIT_RETAIN_SELF = YES;
				CLANG_WARN_OBJC_LITERAL_CONVERSION = YES;
				CLANG_WARN_OBJC_ROOT_CLASS = YES_ERROR;
				CLANG_WARN_QUOTED_INCLUDE_IN_FRAMEWORK_HEADER = YES;
				CLANG_WARN_RANGE_LOOP_ANALYSIS = YES;
				CLANG_WARN_STRICT_PROTOTYPES = YES;
				CLANG_WARN_SUSPICIOUS_MOVE = YES;
				CLANG_WARN_UNGUARDED_AVAILABILITY = YES_AGGRESSIVE;
				CLANG_WARN_UNREACHABLE_CODE = YES;
				CLANG_WARN__DUPLICATE_METHOD_MATCH = YES;
				COPY_PHASE_STRIP = NO;
				DEBUG_INFORMATION_FORMAT = "dwarf-with-dsym";
				ENABLE_NS_ASSERTIONS = NO;
				ENABLE_STRICT_OBJC_MSGSEND = YES;
				ENABLE_USER_SCRIPT_SANDBOXING = YES;
				GCC_C_LANGUAGE_STANDARD = gnu17;
				GCC_NO_COMMON_BLOCKS = YES;
				GCC_WARN_64_TO_32_BIT_CONVERSION = YES;
				GCC_WARN_ABOUT_RETURN_TYPE = YES_ERROR;
				GCC_WARN_UNDECLARED_SELECTOR = YES;
				GCC_WARN_UNINITIALIZED_AUTOS = YES_AGGRESSIVE;
				GCC_WARN_UNUSED_FUNCTION = YES;
				GCC_WARN_UNUSED_VARIABLE = YES;
				IPHONEOS_DEPLOYMENT_TARGET = 18.4;
				LOCALIZATION_PREFERS_STRING_CATALOGS = YES;
				MTL_ENABLE_DEBUG_INFO = NO;
				MTL_FAST_MATH = YES;
				SDKROOT = iphoneos;
				SWIFT_COMPILATION_MODE = wholemodule;
				SWIFT_VERSION = 5.0;
				VALIDATE_PRODUCT = YES;
			};
			name = Release;
		};
		8B41F6672DEDD0D6001A66F9 /* Debug */ = {
			isa = XCBuildConfiguration;
			baseConfigurationReferenceAnchor = 8BD71C052DEE41D800CEDD92 /* Config */;
			baseConfigurationReferenceRelativePath = Debug.xcconfig;
			buildSettings = {
				ASSETCATALOG_COMPILER_APPICON_NAME = AppIcon;
				ASSETCATALOG_COMPILER_GLOBAL_ACCENT_COLOR_NAME = AccentColor;
				ASSETCATALOG_COMPILER_INCLUDE_ALL_APPICON_ASSETS = NO;
				CODE_SIGN_STYLE = Automatic;
				DEVELOPMENT_TEAM = Q74A2VY23K;
				ENABLE_PREVIEWS = YES;
				GENERATE_INFOPLIST_FILE = YES;
				INFOPLIST_KEY_CFBundleDisplayName = Goals;
				INFOPLIST_KEY_NSHealthUpdateUsageDescription = "Goals needs access to health data for health goals";
				INFOPLIST_KEY_UIApplicationSceneManifest_Generation = YES;
				INFOPLIST_KEY_UIApplicationSupportsIndirectInputEvents = YES;
				INFOPLIST_KEY_UILaunchScreen_Generation = YES;
				INFOPLIST_KEY_UISupportedInterfaceOrientations = "portrait landscape-left landscape-right";
				INFOPLIST_KEY_UISupportedInterfaceOrientations_iPad = "UIInterfaceOrientationLandscapeRight UIInterfaceOrientationLandscapeLeft UIInterfaceOrientationPortrait UIInterfaceOrientationPortraitUpsideDown";
				LD_RUNPATH_SEARCH_PATHS = (
					"$(inherited)",
					"@executable_path/Frameworks",
				);
				SWIFT_EMIT_LOC_STRINGS = YES;
				SWIFT_VERSION = 5.0;
			};
			name = Debug;
		};
		8B41F6682DEDD0D6001A66F9 /* Release */ = {
			isa = XCBuildConfiguration;
			baseConfigurationReferenceAnchor = 8BD71C052DEE41D800CEDD92 /* Config */;
			baseConfigurationReferenceRelativePath = Release.xcconfig;
			buildSettings = {
				ASSETCATALOG_COMPILER_APPICON_NAME = AppIcon;
				ASSETCATALOG_COMPILER_GLOBAL_ACCENT_COLOR_NAME = AccentColor;
				ASSETCATALOG_COMPILER_INCLUDE_ALL_APPICON_ASSETS = NO;
				CODE_SIGN_STYLE = Automatic;
				DEVELOPMENT_TEAM = Q74A2VY23K;
				ENABLE_PREVIEWS = YES;
				GENERATE_INFOPLIST_FILE = YES;
				INFOPLIST_KEY_CFBundleDisplayName = Goals;
				INFOPLIST_KEY_NSHealthUpdateUsageDescription = "Goals needs access to health data for health goals";
				INFOPLIST_KEY_UIApplicationSceneManifest_Generation = YES;
				INFOPLIST_KEY_UIApplicationSupportsIndirectInputEvents = YES;
				INFOPLIST_KEY_UILaunchScreen_Generation = YES;
				INFOPLIST_KEY_UISupportedInterfaceOrientations = "portrait landscape-left landscape-right";
				INFOPLIST_KEY_UISupportedInterfaceOrientations_iPad = "UIInterfaceOrientationLandscapeRight UIInterfaceOrientationLandscapeLeft UIInterfaceOrientationPortrait UIInterfaceOrientationPortraitUpsideDown";
				LD_RUNPATH_SEARCH_PATHS = (
					"$(inherited)",
					"@executable_path/Frameworks",
				);
				SWIFT_EMIT_LOC_STRINGS = YES;
				SWIFT_VERSION = 5.0;
			};
			name = Release;
		};
		8B41F66D2DEDD0D6001A66F9 /* Debug */ = {
			isa = XCBuildConfiguration;
			baseConfigurationReferenceAnchor = 8BD71C052DEE41D800CEDD92 /* Config */;
			baseConfigurationReferenceRelativePath = Tests.xcconfig;
			buildSettings = {
				CODE_SIGN_STYLE = Automatic;
				GENERATE_INFOPLIST_FILE = YES;
				SWIFT_EMIT_LOC_STRINGS = NO;
				SWIFT_VERSION = 5.0;
				TARGETED_DEVICE_FAMILY = "1,2";
				TEST_TARGET_NAME = GoalsApp;
			};
			name = Debug;
		};
		8B41F66E2DEDD0D6001A66F9 /* Release */ = {
			isa = XCBuildConfiguration;
			baseConfigurationReferenceAnchor = 8BD71C052DEE41D800CEDD92 /* Config */;
			baseConfigurationReferenceRelativePath = Tests.xcconfig;
			buildSettings = {
				CODE_SIGN_STYLE = Automatic;
				GENERATE_INFOPLIST_FILE = YES;
				SWIFT_EMIT_LOC_STRINGS = NO;
				SWIFT_VERSION = 5.0;
				TARGETED_DEVICE_FAMILY = "1,2";
				TEST_TARGET_NAME = GoalsApp;
			};
			name = Release;
		};
/* End XCBuildConfiguration section */

/* Begin XCConfigurationList section */
		3DF0399A2F21ECFE00EFB56A /* Build configuration list for PBXNativeTarget "GoalsWidgetExtension" */ = {
			isa = XCConfigurationList;
			buildConfigurations = (
				3DF0399B2F21ECFE00EFB56A /* Debug */,
				3DF0399C2F21ECFE00EFB56A /* Release */,
			);
			defaultConfigurationIsVisible = 0;
			defaultConfigurationName = Release;
		};
		8B41F6402DEDD0D5001A66F9 /* Build configuration list for PBXProject "GoalsApp" */ = {
			isa = XCConfigurationList;
			buildConfigurations = (
				8B41F6642DEDD0D6001A66F9 /* Debug */,
				8B41F6652DEDD0D6001A66F9 /* Release */,
			);
			defaultConfigurationIsVisible = 0;
			defaultConfigurationName = Release;
		};
		8B41F6662DEDD0D6001A66F9 /* Build configuration list for PBXNativeTarget "GoalsApp" */ = {
			isa = XCConfigurationList;
			buildConfigurations = (
				8B41F6672DEDD0D6001A66F9 /* Debug */,
				8B41F6682DEDD0D6001A66F9 /* Release */,
			);
			defaultConfigurationIsVisible = 0;
			defaultConfigurationName = Release;
		};
		8B41F66C2DEDD0D6001A66F9 /* Build configuration list for PBXNativeTarget "GoalsAppUITests" */ = {
			isa = XCConfigurationList;
			buildConfigurations = (
				8B41F66D2DEDD0D6001A66F9 /* Debug */,
				8B41F66E2DEDD0D6001A66F9 /* Release */,
			);
			defaultConfigurationIsVisible = 0;
			defaultConfigurationName = Release;
		};
/* End XCConfigurationList section */

/* Begin XCLocalSwiftPackageReference section */
		8B41F6902DEDD300001A66F9 /* XCLocalSwiftPackageReference "GoalsAppPackage" */ = {
			isa = XCLocalSwiftPackageReference;
			relativePath = GoalsAppPackage;
		};
/* End XCLocalSwiftPackageReference section */

/* Begin XCSwiftPackageProductDependency section */
		3DF039AE2F21EEB800EFB56A /* GoalsWidgetShared */ = {
			isa = XCSwiftPackageProductDependency;
			package = 8B41F6902DEDD300001A66F9 /* XCLocalSwiftPackageReference "GoalsAppPackage" */;
			productName = GoalsWidgetShared;
		};
		8B41F6822DEDD23B001A66F9 /* GoalsAppFeature */ = {
			isa = XCSwiftPackageProductDependency;
			package = 8B41F6902DEDD300001A66F9 /* XCLocalSwiftPackageReference "GoalsAppPackage" */;
			productName = GoalsAppFeature;
		};
		8B41F6842DEDD25C001A66F9 /* GoalsAppFeature */ = {
			isa = XCSwiftPackageProductDependency;
			package = 8B41F6902DEDD300001A66F9 /* XCLocalSwiftPackageReference "GoalsAppPackage" */;
			productName = GoalsAppFeature;
		};
/* End XCSwiftPackageProductDependency section */
	};
	rootObject = 8B41F63D2DEDD0D5001A66F9 /* Project object */;
}
